
Microsoft Visual Studio Solution File, Format Version 12.00
# Visual Studio Version 17
VisualStudioVersion = 17.5.33530.505
MinimumVisualStudioVersion = 10.0.40219.1
Project("{8BC9CEB8-8B4A-11D0-8D11-00A0C91BC942}") = "MT3", "MT3.vcxproj", "{8F46F38B-402A-42EE-9912-D4C36DD4B842}"
EndProject
Global
	GlobalSection(SolutionConfigurationPlatforms) = preSolution
		Debug|x64 = Debug|x64
		Release|x64 = Release|x64
	EndGlobalSection
	GlobalSection(ProjectConfigurationPlatforms) = postSolution
		{8F46F38B-402A-42EE-9912-D4C36DD4B842}.Debug|x64.ActiveCfg = Debug|x64
		{8F46F38B-402A-42EE-9912-D4C36DD4B842}.Debug|x64.Build.0 = Debug|x64
		{8F46F38B-402A-42EE-9912-D4C36DD4B842}.Release|x64.ActiveCfg = Release|x64
		{8F46F38B-402A-42EE-9912-D4C36DD4B842}.Release|x64.Build.0 = Release|x64
	EndGlobalSection
	GlobalSection(SolutionProperties) = preSolution
		HideSolutionNode = FALSE
	EndGlobalSection
	GlobalSection(ExtensibilityGlobals) = postSolution
		SolutionGuid = {E34D9255-4931-42F9-992E-B1AA9D766F09}
	EndGlobalSection
EndGlobal
